
Microsoft Visual Studio Solution File, Format Version 12.00
# Visual Studio Version 17
VisualStudioVersion = 17.4.33403.182
MinimumVisualStudioVersion = 10.0.40219.1
Project("{FAE04EC0-301F-11D3-BF4B-00C04F79EFBC}") = "Lab 9", "Lab 9\Lab 9.csproj", "{957E5D3C-79D5-43A3-B860-9DF4B3AFCB11}"
EndProject
Global
	GlobalSection(SolutionConfigurationPlatforms) = preSolution
		Debug|Any CPU = Debug|Any CPU
		Release|Any CPU = Release|Any CPU
	EndGlobalSection
	GlobalSection(ProjectConfigurationPlatforms) = postSolution
		{957E5D3C-79D5-43A3-B860-9DF4B3AFCB11}.Debug|Any CPU.ActiveCfg = Debug|Any CPU
		{957E5D3C-79D5-43A3-B860-9DF4B3AFCB11}.Debug|Any CPU.Build.0 = Debug|Any CPU
		{957E5D3C-79D5-43A3-B860-9DF4B3AFCB11}.Release|Any CPU.ActiveCfg = Release|Any CPU
		{957E5D3C-79D5-43A3-B860-9DF4B3AFCB11}.Release|Any CPU.Build.0 = Release|Any CPU
	EndGlobalSection
	GlobalSection(SolutionProperties) = preSolution
		HideSolutionNode = FALSE
	EndGlobalSection
	GlobalSection(ExtensibilityGlobals) = postSolution
		SolutionGuid = {4A8B24D9-40DE-4DAE-AE83-F1F8FB841144}
	EndGlobalSection
EndGlobal
